
Microsoft Visual Studio Solution File, Format Version 12.00
# Visual Studio Version 17
VisualStudioVersion = 17.5.33424.131
MinimumVisualStudioVersion = 10.0.40219.1
Project("{FAE04EC0-301F-11D3-BF4B-00C04F79EFBC}") = "Mepas_Task", "Mepas_Task\Mepas_Task.csproj", "{CF79C5D3-62D1-4FB7-8DA5-3D5626AA80EB}"
EndProject
Global
	GlobalSection(SolutionConfigurationPlatforms) = preSolution
		Debug|Any CPU = Debug|Any CPU
		Release|Any CPU = Release|Any CPU
	EndGlobalSection
	GlobalSection(ProjectConfigurationPlatforms) = postSolution
		{CF79C5D3-62D1-4FB7-8DA5-3D5626AA80EB}.Debug|Any CPU.ActiveCfg = Debug|Any CPU
		{CF79C5D3-62D1-4FB7-8DA5-3D5626AA80EB}.Debug|Any CPU.Build.0 = Debug|Any CPU
		{CF79C5D3-62D1-4FB7-8DA5-3D5626AA80EB}.Release|Any CPU.ActiveCfg = Release|Any CPU
		{CF79C5D3-62D1-4FB7-8DA5-3D5626AA80EB}.Release|Any CPU.Build.0 = Release|Any CPU
	EndGlobalSection
	GlobalSection(SolutionProperties) = preSolution
		HideSolutionNode = FALSE
	EndGlobalSection
	GlobalSection(ExtensibilityGlobals) = postSolution
		SolutionGuid = {A3E312E6-0211-45F2-B30D-8C8F163618B0}
	EndGlobalSection
EndGlobal
